
Microsoft Visual Studio Solution File, Format Version 12.00
# Visual Studio Version 17
VisualStudioVersion = 17.9.34616.47
MinimumVisualStudioVersion = 10.0.40219.1
Project("{FAE04EC0-301F-11D3-BF4B-00C04F79EFBC}") = "aisdy5", "aisdy5\aisdy5.csproj", "{B78DD9D5-0782-46EC-A7EB-4799DB2EB556}"
EndProject
Global
	GlobalSection(SolutionConfigurationPlatforms) = preSolution
		Debug|Any CPU = Debug|Any CPU
		Release|Any CPU = Release|Any CPU
	EndGlobalSection
	GlobalSection(ProjectConfigurationPlatforms) = postSolution
		{B78DD9D5-0782-46EC-A7EB-4799DB2EB556}.Debug|Any CPU.ActiveCfg = Debug|Any CPU
		{B78DD9D5-0782-46EC-A7EB-4799DB2EB556}.Debug|Any CPU.Build.0 = Debug|Any CPU
		{B78DD9D5-0782-46EC-A7EB-4799DB2EB556}.Release|Any CPU.ActiveCfg = Release|Any CPU
		{B78DD9D5-0782-46EC-A7EB-4799DB2EB556}.Release|Any CPU.Build.0 = Release|Any CPU
	EndGlobalSection
	GlobalSection(SolutionProperties) = preSolution
		HideSolutionNode = FALSE
	EndGlobalSection
	GlobalSection(ExtensibilityGlobals) = postSolution
		SolutionGuid = {C5709461-8357-45D9-B921-8EC1FEAC4335}
	EndGlobalSection
EndGlobal
