
Microsoft Visual Studio Solution File, Format Version 12.00
# Visual Studio Version 17
VisualStudioVersion = 17.9.34616.47
MinimumVisualStudioVersion = 10.0.40219.1
Project("{FAE04EC0-301F-11D3-BF4B-00C04F79EFBC}") = "aisdy11", "aisdy11\aisdy11.csproj", "{56B90E63-B9C7-464C-BAEE-63AE89653D8F}"
EndProject
Global
	GlobalSection(SolutionConfigurationPlatforms) = preSolution
		Debug|Any CPU = Debug|Any CPU
		Release|Any CPU = Release|Any CPU
	EndGlobalSection
	GlobalSection(ProjectConfigurationPlatforms) = postSolution
		{56B90E63-B9C7-464C-BAEE-63AE89653D8F}.Debug|Any CPU.ActiveCfg = Debug|Any CPU
		{56B90E63-B9C7-464C-BAEE-63AE89653D8F}.Debug|Any CPU.Build.0 = Debug|Any CPU
		{56B90E63-B9C7-464C-BAEE-63AE89653D8F}.Release|Any CPU.ActiveCfg = Release|Any CPU
		{56B90E63-B9C7-464C-BAEE-63AE89653D8F}.Release|Any CPU.Build.0 = Release|Any CPU
	EndGlobalSection
	GlobalSection(SolutionProperties) = preSolution
		HideSolutionNode = FALSE
	EndGlobalSection
	GlobalSection(ExtensibilityGlobals) = postSolution
		SolutionGuid = {65191EEA-CC2D-467F-AF18-9CC17A846A84}
	EndGlobalSection
EndGlobal
